{
  "name": "hermes-acp-transport",
  "version": "1.0.0",
  "lockfileVersion": 3,
  "requires": true,
  "packages": {
    "": {
      "name": "hermes-acp-transport",
      "version": "1.0.0",
      "dependencies": {
        "@rebornix/stdio-to-ws": "0.2.0"
      }
    },
    "node_modules/@rebornix/stdio-to-ws": {
      "version": "0.2.0",
      "resolved": "https://registry.npmjs.org/@rebornix/stdio-to-ws/-/stdio-to-ws-0.2.0.tgz",
      "integrity": "sha512-McHei15hw8DaQJkMDdEyOSJGWcfxiGfKCIDI/CCfOrVbmmQylNOhUNxOo5zaRtjjiuJyXPGPEhDadBR5KLcFBg==",
      "license": "Apache-2.0",
      "dependencies": {
        "minimist": "^1.2.8",
        "string-argv": "^0.3.2",
        "ws": "^8.18.3"
      },
      "bin": {
        "stdio-to-ws": "dist/main.js"
      },
      "engines": {
        "node": ">=18"
      }
    },
    "node_modules/minimist": {
      "version": "1.2.8",
      "resolved": "https://registry.npmjs.org/minimist/-/minimist-1.2.8.tgz",
      "integrity": "sha512-2yyAR8qBkN3YuheJanUpWC5U3bb5osDywNB8RzDVlDwDHbocAJveqqj1u8+SVD7jkWT4yvsHCpWqqWqAxb0zCA==",
      "license": "MIT",
      "funding": {
        "url": "https://github.com/sponsors/ljharb"
      }
    },
    "node_modules/string-argv": {
      "version": "0.3.2",
      "resolved": "https://registry.npmjs.org/string-argv/-/string-argv-0.3.2.tgz",
      "integrity": "sha512-aqD2Q0144Z+/RqG52NeHEkZauTAUWJO8c6yTftGJKO3Tja5tUgIfmIl6kExvhtxSDP7fXB6DvzkfMpCd/F3G+Q==",
      "license": "MIT",
      "engines": {
        "node": ">=0.6.19"
      }
    },
    "node_modules/ws": {
      "version": "8.21.3",
      "resolved": "https://registry.npmjs.org/ws/-/ws-8.21.3.tgz",
      "integrity": "sha512-201TZ/kPWxoPr/OKWjquZR1SWKXcvxdH+e1xrx89b3YbmzLMFCLfnaG1HFIgWzJOEWZ7MvpK++odZufgYR50Rw==",
      "license": "MIT",
      "engines": {
        "node": ">=10.0.0"
      },
      "peerDependencies": {
        "bufferutil": "^4.0.1",
        "utf-8-validate": ">=5.0.2"
      },
      "peerDependenciesMeta": {
        "bufferutil": {
          "optional": true
        },
        "utf-8-validate": {
          "optional": true
        }
      }
    }
  }
}
